
Microsoft Visual Studio Solution File, Format Version 12.00
# Visual Studio 15
VisualStudioVersion = 15.0.27130.2027
MinimumVisualStudioVersion = 10.0.40219.1
Project("{8BC9CEB8-8B4A-11D0-8D11-00A0C91BC942}") = "framework", "framework\framework.vcxproj", "{67B01ECD-2613-4FA0-84F7-87F5BCF40EB1}"
	ProjectSection(ProjectDependencies) = postProject
		{8D9D4A3E-439A-4210-8879-259B20D992CA} = {8D9D4A3E-439A-4210-8879-259B20D992CA}
		{51CC36B3-921E-4853-ACD5-CB6CBC27FBA1} = {51CC36B3-921E-4853-ACD5-CB6CBC27FBA1}
	EndProjectSection
EndProject
Project("{8BC9CEB8-8B4A-11D0-8D11-00A0C91BC942}") = "magma", "third-party\magma\projects\vs\magma.vcxproj", "{8D9D4A3E-439A-4210-8879-259B20D992CA}"
EndProject
Project("{8BC9CEB8-8B4A-11D0-8D11-00A0C91BC942}") = "quadric", "third-party\quadric\projects\vs\quadric.vcxproj", "{51CC36B3-921E-4853-ACD5-CB6CBC27FBA1}"
	ProjectSection(ProjectDependencies) = postProject
		{8D9D4A3E-439A-4210-8879-259B20D992CA} = {8D9D4A3E-439A-4210-8879-259B20D992CA}
	EndProjectSection
EndProject
Project("{8BC9CEB8-8B4A-11D0-8D11-00A0C91BC942}") = "shadowmapping", "shadowmapping\shadowmapping.vcxproj", "{A20B5DEB-3B87-470E-9399-0DF294A76B28}"
	ProjectSection(ProjectDependencies) = postProject
		{8D9D4A3E-439A-4210-8879-259B20D992CA} = {8D9D4A3E-439A-4210-8879-259B20D992CA}
		{51CC36B3-921E-4853-ACD5-CB6CBC27FBA1} = {51CC36B3-921E-4853-ACD5-CB6CBC27FBA1}
		{67B01ECD-2613-4FA0-84F7-87F5BCF40EB1} = {67B01ECD-2613-4FA0-84F7-87F5BCF40EB1}
	EndProjectSection
EndProject
Project("{8BC9CEB8-8B4A-11D0-8D11-00A0C91BC942}") = "shadowmapping-pcf", "shadowmapping-pcf\shadowmapping-pcf.vcxproj", "{CAF2D8BC-C8D5-428F-A30A-E810229900D4}"
	ProjectSection(ProjectDependencies) = postProject
		{8D9D4A3E-439A-4210-8879-259B20D992CA} = {8D9D4A3E-439A-4210-8879-259B20D992CA}
		{51CC36B3-921E-4853-ACD5-CB6CBC27FBA1} = {51CC36B3-921E-4853-ACD5-CB6CBC27FBA1}
		{67B01ECD-2613-4FA0-84F7-87F5BCF40EB1} = {67B01ECD-2613-4FA0-84F7-87F5BCF40EB1}
	EndProjectSection
EndProject
Project("{8BC9CEB8-8B4A-11D0-8D11-00A0C91BC942}") = "shadowmapping-poisson", "shadowmapping-poisson\shadowmapping-poisson.vcxproj", "{641158EC-EFBE-4EEA-BC71-014480323E62}"
	ProjectSection(ProjectDependencies) = postProject
		{8D9D4A3E-439A-4210-8879-259B20D992CA} = {8D9D4A3E-439A-4210-8879-259B20D992CA}
		{51CC36B3-921E-4853-ACD5-CB6CBC27FBA1} = {51CC36B3-921E-4853-ACD5-CB6CBC27FBA1}
		{67B01ECD-2613-4FA0-84F7-87F5BCF40EB1} = {67B01ECD-2613-4FA0-84F7-87F5BCF40EB1}
	EndProjectSection
EndProject
Project("{8BC9CEB8-8B4A-11D0-8D11-00A0C91BC942}") = "gbuffer", "gbuffer\gbuffer.vcxproj", "{DB40F084-219C-4A3F-AF5B-09846BF6B91C}"
	ProjectSection(ProjectDependencies) = postProject
		{8D9D4A3E-439A-4210-8879-259B20D992CA} = {8D9D4A3E-439A-4210-8879-259B20D992CA}
		{51CC36B3-921E-4853-ACD5-CB6CBC27FBA1} = {51CC36B3-921E-4853-ACD5-CB6CBC27FBA1}
		{67B01ECD-2613-4FA0-84F7-87F5BCF40EB1} = {67B01ECD-2613-4FA0-84F7-87F5BCF40EB1}
	EndProjectSection
EndProject
Project("{8BC9CEB8-8B4A-11D0-8D11-00A0C91BC942}") = "deferred-shading", "deferred-shading\deferred-shading.vcxproj", "{3FA565CC-1B90-4EF7-9E43-8031ABA1118B}"
	ProjectSection(ProjectDependencies) = postProject
		{8D9D4A3E-439A-4210-8879-259B20D992CA} = {8D9D4A3E-439A-4210-8879-259B20D992CA}
		{51CC36B3-921E-4853-ACD5-CB6CBC27FBA1} = {51CC36B3-921E-4853-ACD5-CB6CBC27FBA1}
		{67B01ECD-2613-4FA0-84F7-87F5BCF40EB1} = {67B01ECD-2613-4FA0-84F7-87F5BCF40EB1}
	EndProjectSection
EndProject
Project("{8BC9CEB8-8B4A-11D0-8D11-00A0C91BC942}") = "shadowmapping-poisson-stable", "shadowmapping-poisson-stable\shadowmapping-poisson-stable.vcxproj", "{DD90A343-7897-442B-9D19-7FF0676E80EB}"
	ProjectSection(ProjectDependencies) = postProject
		{8D9D4A3E-439A-4210-8879-259B20D992CA} = {8D9D4A3E-439A-4210-8879-259B20D992CA}
		{51CC36B3-921E-4853-ACD5-CB6CBC27FBA1} = {51CC36B3-921E-4853-ACD5-CB6CBC27FBA1}
		{67B01ECD-2613-4FA0-84F7-87F5BCF40EB1} = {67B01ECD-2613-4FA0-84F7-87F5BCF40EB1}
	EndProjectSection
EndProject
Project("{8BC9CEB8-8B4A-11D0-8D11-00A0C91BC942}") = "normalmapping", "normalmapping\normalmapping.vcxproj", "{0CC7CBF2-BFCD-477F-A639-5CAB35FCBA6C}"
	ProjectSection(ProjectDependencies) = postProject
		{8D9D4A3E-439A-4210-8879-259B20D992CA} = {8D9D4A3E-439A-4210-8879-259B20D992CA}
		{51CC36B3-921E-4853-ACD5-CB6CBC27FBA1} = {51CC36B3-921E-4853-ACD5-CB6CBC27FBA1}
		{67B01ECD-2613-4FA0-84F7-87F5BCF40EB1} = {67B01ECD-2613-4FA0-84F7-87F5BCF40EB1}
	EndProjectSection
EndProject
Project("{8BC9CEB8-8B4A-11D0-8D11-00A0C91BC942}") = "bumpmapping", "bumpmapping\bumpmapping.vcxproj", "{7399BABD-C433-4275-A9DD-7663241B31BE}"
	ProjectSection(ProjectDependencies) = postProject
		{8D9D4A3E-439A-4210-8879-259B20D992CA} = {8D9D4A3E-439A-4210-8879-259B20D992CA}
		{51CC36B3-921E-4853-ACD5-CB6CBC27FBA1} = {51CC36B3-921E-4853-ACD5-CB6CBC27FBA1}
		{67B01ECD-2613-4FA0-84F7-87F5BCF40EB1} = {67B01ECD-2613-4FA0-84F7-87F5BCF40EB1}
	EndProjectSection
EndProject
Project("{8BC9CEB8-8B4A-11D0-8D11-00A0C91BC942}") = "displacement-mapping", "displacement-mapping\displacement-mapping.vcxproj", "{6642AD41-5A38-45DC-9646-A265B73E0858}"
	ProjectSection(ProjectDependencies) = postProject
		{8D9D4A3E-439A-4210-8879-259B20D992CA} = {8D9D4A3E-439A-4210-8879-259B20D992CA}
		{51CC36B3-921E-4853-ACD5-CB6CBC27FBA1} = {51CC36B3-921E-4853-ACD5-CB6CBC27FBA1}
		{67B01ECD-2613-4FA0-84F7-87F5BCF40EB1} = {67B01ECD-2613-4FA0-84F7-87F5BCF40EB1}
	EndProjectSection
EndProject
Project("{8BC9CEB8-8B4A-11D0-8D11-00A0C91BC942}") = "self-shadowing", "self-shadowing\self-shadowing.vcxproj", "{1C2F65F9-6268-4271-A0F7-EE3E6DBF8F9E}"
	ProjectSection(ProjectDependencies) = postProject
		{8D9D4A3E-439A-4210-8879-259B20D992CA} = {8D9D4A3E-439A-4210-8879-259B20D992CA}
		{51CC36B3-921E-4853-ACD5-CB6CBC27FBA1} = {51CC36B3-921E-4853-ACD5-CB6CBC27FBA1}
		{67B01ECD-2613-4FA0-84F7-87F5BCF40EB1} = {67B01ECD-2613-4FA0-84F7-87F5BCF40EB1}
	EndProjectSection
EndProject
Project("{8BC9CEB8-8B4A-11D0-8D11-00A0C91BC942}") = "vertex-texture-fetch", "vertex-texture-fetch\vertex-texture-fetch.vcxproj", "{E55A2A2F-F37A-41ED-B28A-0B216DC5D17E}"
	ProjectSection(ProjectDependencies) = postProject
		{8D9D4A3E-439A-4210-8879-259B20D992CA} = {8D9D4A3E-439A-4210-8879-259B20D992CA}
		{67B01ECD-2613-4FA0-84F7-87F5BCF40EB1} = {67B01ECD-2613-4FA0-84F7-87F5BCF40EB1}
	EndProjectSection
EndProject
Project("{8BC9CEB8-8B4A-11D0-8D11-00A0C91BC942}") = "seascape", "seascape\seascape.vcxproj", "{CA6CAF98-3AD6-4138-8EB7-369A7FF0DDCC}"
	ProjectSection(ProjectDependencies) = postProject
		{8D9D4A3E-439A-4210-8879-259B20D992CA} = {8D9D4A3E-439A-4210-8879-259B20D992CA}
		{67B01ECD-2613-4FA0-84F7-87F5BCF40EB1} = {67B01ECD-2613-4FA0-84F7-87F5BCF40EB1}
	EndProjectSection
EndProject
Project("{8BC9CEB8-8B4A-11D0-8D11-00A0C91BC942}") = "cook-torrance", "cook-torrance\cook-torrance.vcxproj", "{BD1204E5-C806-45FB-B095-50DB7D323C1D}"
	ProjectSection(ProjectDependencies) = postProject
		{8D9D4A3E-439A-4210-8879-259B20D992CA} = {8D9D4A3E-439A-4210-8879-259B20D992CA}
		{51CC36B3-921E-4853-ACD5-CB6CBC27FBA1} = {51CC36B3-921E-4853-ACD5-CB6CBC27FBA1}
		{67B01ECD-2613-4FA0-84F7-87F5BCF40EB1} = {67B01ECD-2613-4FA0-84F7-87F5BCF40EB1}
	EndProjectSection
EndProject
Project("{8BC9CEB8-8B4A-11D0-8D11-00A0C91BC942}") = "brdf", "brdf\brdf.vcxproj", "{B013429B-E9FC-4097-AC72-D3AE5D5A43EC}"
	ProjectSection(ProjectDependencies) = postProject
		{8D9D4A3E-439A-4210-8879-259B20D992CA} = {8D9D4A3E-439A-4210-8879-259B20D992CA}
		{51CC36B3-921E-4853-ACD5-CB6CBC27FBA1} = {51CC36B3-921E-4853-ACD5-CB6CBC27FBA1}
		{67B01ECD-2613-4FA0-84F7-87F5BCF40EB1} = {67B01ECD-2613-4FA0-84F7-87F5BCF40EB1}
	EndProjectSection
EndProject
Project("{8BC9CEB8-8B4A-11D0-8D11-00A0C91BC942}") = "debug-tangents", "debug-tangents\debug-tangents.vcxproj", "{AC7F8BDD-74EB-4B86-B7D8-FA79797C6ACB}"
	ProjectSection(ProjectDependencies) = postProject
		{8D9D4A3E-439A-4210-8879-259B20D992CA} = {8D9D4A3E-439A-4210-8879-259B20D992CA}
		{51CC36B3-921E-4853-ACD5-CB6CBC27FBA1} = {51CC36B3-921E-4853-ACD5-CB6CBC27FBA1}
		{67B01ECD-2613-4FA0-84F7-87F5BCF40EB1} = {67B01ECD-2613-4FA0-84F7-87F5BCF40EB1}
	EndProjectSection
EndProject
Project("{8BC9CEB8-8B4A-11D0-8D11-00A0C91BC942}") = "edge-detection", "edge-detection\edge-detection.vcxproj", "{591F9775-8088-457A-B237-A7EA1DEF699D}"
	ProjectSection(ProjectDependencies) = postProject
		{8D9D4A3E-439A-4210-8879-259B20D992CA} = {8D9D4A3E-439A-4210-8879-259B20D992CA}
		{51CC36B3-921E-4853-ACD5-CB6CBC27FBA1} = {51CC36B3-921E-4853-ACD5-CB6CBC27FBA1}
		{67B01ECD-2613-4FA0-84F7-87F5BCF40EB1} = {67B01ECD-2613-4FA0-84F7-87F5BCF40EB1}
	EndProjectSection
EndProject
Global
	GlobalSection(SolutionConfigurationPlatforms) = preSolution
		Debug|x64 = Debug|x64
		Debug|x86 = Debug|x86
		Release|x64 = Release|x64
		Release|x86 = Release|x86
	EndGlobalSection
	GlobalSection(ProjectConfigurationPlatforms) = postSolution
		{67B01ECD-2613-4FA0-84F7-87F5BCF40EB1}.Debug|x64.ActiveCfg = Debug|x64
		{67B01ECD-2613-4FA0-84F7-87F5BCF40EB1}.Debug|x64.Build.0 = Debug|x64
		{67B01ECD-2613-4FA0-84F7-87F5BCF40EB1}.Debug|x86.ActiveCfg = Debug|Win32
		{67B01ECD-2613-4FA0-84F7-87F5BCF40EB1}.Debug|x86.Build.0 = Debug|Win32
		{67B01ECD-2613-4FA0-84F7-87F5BCF40EB1}.Release|x64.ActiveCfg = Release|x64
		{67B01ECD-2613-4FA0-84F7-87F5BCF40EB1}.Release|x64.Build.0 = Release|x64
		{67B01ECD-2613-4FA0-84F7-87F5BCF40EB1}.Release|x86.ActiveCfg = Release|Win32
		{67B01ECD-2613-4FA0-84F7-87F5BCF40EB1}.Release|x86.Build.0 = Release|Win32
		{8D9D4A3E-439A-4210-8879-259B20D992CA}.Debug|x64.ActiveCfg = Debug|x64
		{8D9D4A3E-439A-4210-8879-259B20D992CA}.Debug|x64.Build.0 = Debug|x64
		{8D9D4A3E-439A-4210-8879-259B20D992CA}.Debug|x86.ActiveCfg = Debug|Win32
		{8D9D4A3E-439A-4210-8879-259B20D992CA}.Debug|x86.Build.0 = Debug|Win32
		{8D9D4A3E-439A-4210-8879-259B20D992CA}.Release|x64.ActiveCfg = Release|x64
		{8D9D4A3E-439A-4210-8879-259B20D992CA}.Release|x64.Build.0 = Release|x64
		{8D9D4A3E-439A-4210-8879-259B20D992CA}.Release|x86.ActiveCfg = Release|Win32
		{8D9D4A3E-439A-4210-8879-259B20D992CA}.Release|x86.Build.0 = Release|Win32
		{51CC36B3-921E-4853-ACD5-CB6CBC27FBA1}.Debug|x64.ActiveCfg = Debug|x64
		{51CC36B3-921E-4853-ACD5-CB6CBC27FBA1}.Debug|x64.Build.0 = Debug|x64
		{51CC36B3-921E-4853-ACD5-CB6CBC27FBA1}.Debug|x86.ActiveCfg = Debug|Win32
		{51CC36B3-921E-4853-ACD5-CB6CBC27FBA1}.Debug|x86.Build.0 = Debug|Win32
		{51CC36B3-921E-4853-ACD5-CB6CBC27FBA1}.Release|x64.ActiveCfg = Release|x64
		{51CC36B3-921E-4853-ACD5-CB6CBC27FBA1}.Release|x64.Build.0 = Release|x64
		{51CC36B3-921E-4853-ACD5-CB6CBC27FBA1}.Release|x86.ActiveCfg = Release|Win32
		{51CC36B3-921E-4853-ACD5-CB6CBC27FBA1}.Release|x86.Build.0 = Release|Win32
		{A20B5DEB-3B87-470E-9399-0DF294A76B28}.Debug|x64.ActiveCfg = Debug|x64
		{A20B5DEB-3B87-470E-9399-0DF294A76B28}.Debug|x64.Build.0 = Debug|x64
		{A20B5DEB-3B87-470E-9399-0DF294A76B28}.Debug|x86.ActiveCfg = Debug|Win32
		{A20B5DEB-3B87-470E-9399-0DF294A76B28}.Debug|x86.Build.0 = Debug|Win32
		{A20B5DEB-3B87-470E-9399-0DF294A76B28}.Release|x64.ActiveCfg = Release|x64
		{A20B5DEB-3B87-470E-9399-0DF294A76B28}.Release|x64.Build.0 = Release|x64
		{A20B5DEB-3B87-470E-9399-0DF294A76B28}.Release|x86.ActiveCfg = Release|Win32
		{A20B5DEB-3B87-470E-9399-0DF294A76B28}.Release|x86.Build.0 = Release|Win32
		{CAF2D8BC-C8D5-428F-A30A-E810229900D4}.Debug|x64.ActiveCfg = Debug|x64
		{CAF2D8BC-C8D5-428F-A30A-E810229900D4}.Debug|x64.Build.0 = Debug|x64
		{CAF2D8BC-C8D5-428F-A30A-E810229900D4}.Debug|x86.ActiveCfg = Debug|Win32
		{CAF2D8BC-C8D5-428F-A30A-E810229900D4}.Debug|x86.Build.0 = Debug|Win32
		{CAF2D8BC-C8D5-428F-A30A-E810229900D4}.Release|x64.ActiveCfg = Release|x64
		{CAF2D8BC-C8D5-428F-A30A-E810229900D4}.Release|x64.Build.0 = Release|x64
		{CAF2D8BC-C8D5-428F-A30A-E810229900D4}.Release|x86.ActiveCfg = Release|Win32
		{CAF2D8BC-C8D5-428F-A30A-E810229900D4}.Release|x86.Build.0 = Release|Win32
		{641158EC-EFBE-4EEA-BC71-014480323E62}.Debug|x64.ActiveCfg = Debug|x64
		{641158EC-EFBE-4EEA-BC71-014480323E62}.Debug|x64.Build.0 = Debug|x64
		{641158EC-EFBE-4EEA-BC71-014480323E62}.Debug|x86.ActiveCfg = Debug|Win32
		{641158EC-EFBE-4EEA-BC71-014480323E62}.Debug|x86.Build.0 = Debug|Win32
		{641158EC-EFBE-4EEA-BC71-014480323E62}.Release|x64.ActiveCfg = Release|x64
		{641158EC-EFBE-4EEA-BC71-014480323E62}.Release|x64.Build.0 = Release|x64
		{641158EC-EFBE-4EEA-BC71-014480323E62}.Release|x86.ActiveCfg = Release|Win32
		{641158EC-EFBE-4EEA-BC71-014480323E62}.Release|x86.Build.0 = Release|Win32
		{DB40F084-219C-4A3F-AF5B-09846BF6B91C}.Debug|x64.ActiveCfg = Debug|x64
		{DB40F084-219C-4A3F-AF5B-09846BF6B91C}.Debug|x64.Build.0 = Debug|x64
		{DB40F084-219C-4A3F-AF5B-09846BF6B91C}.Debug|x86.ActiveCfg = Debug|Win32
		{DB40F084-219C-4A3F-AF5B-09846BF6B91C}.Debug|x86.Build.0 = Debug|Win32
		{DB40F084-219C-4A3F-AF5B-09846BF6B91C}.Release|x64.ActiveCfg = Release|x64
		{DB40F084-219C-4A3F-AF5B-09846BF6B91C}.Release|x64.Build.0 = Release|x64
		{DB40F084-219C-4A3F-AF5B-09846BF6B91C}.Release|x86.ActiveCfg = Release|Win32
		{DB40F084-219C-4A3F-AF5B-09846BF6B91C}.Release|x86.Build.0 = Release|Win32
		{3FA565CC-1B90-4EF7-9E43-8031ABA1118B}.Debug|x64.ActiveCfg = Debug|x64
		{3FA565CC-1B90-4EF7-9E43-8031ABA1118B}.Debug|x64.Build.0 = Debug|x64
		{3FA565CC-1B90-4EF7-9E43-8031ABA1118B}.Debug|x86.ActiveCfg = Debug|Win32
		{3FA565CC-1B90-4EF7-9E43-8031ABA1118B}.Debug|x86.Build.0 = Debug|Win32
		{3FA565CC-1B90-4EF7-9E43-8031ABA1118B}.Release|x64.ActiveCfg = Release|x64
		{3FA565CC-1B90-4EF7-9E43-8031ABA1118B}.Release|x64.Build.0 = Release|x64
		{3FA565CC-1B90-4EF7-9E43-8031ABA1118B}.Release|x86.ActiveCfg = Release|Win32
		{3FA565CC-1B90-4EF7-9E43-8031ABA1118B}.Release|x86.Build.0 = Release|Win32
		{DD90A343-7897-442B-9D19-7FF0676E80EB}.Debug|x64.ActiveCfg = Debug|x64
		{DD90A343-7897-442B-9D19-7FF0676E80EB}.Debug|x64.Build.0 = Debug|x64
		{DD90A343-7897-442B-9D19-7FF0676E80EB}.Debug|x86.ActiveCfg = Debug|Win32
		{DD90A343-7897-442B-9D19-7FF0676E80EB}.Debug|x86.Build.0 = Debug|Win32
		{DD90A343-7897-442B-9D19-7FF0676E80EB}.Release|x64.ActiveCfg = Release|x64
		{DD90A343-7897-442B-9D19-7FF0676E80EB}.Release|x64.Build.0 = Release|x64
		{DD90A343-7897-442B-9D19-7FF0676E80EB}.Release|x86.ActiveCfg = Release|Win32
		{DD90A343-7897-442B-9D19-7FF0676E80EB}.Release|x86.Build.0 = Release|Win32
		{0CC7CBF2-BFCD-477F-A639-5CAB35FCBA6C}.Debug|x64.ActiveCfg = Debug|x64
		{0CC7CBF2-BFCD-477F-A639-5CAB35FCBA6C}.Debug|x64.Build.0 = Debug|x64
		{0CC7CBF2-BFCD-477F-A639-5CAB35FCBA6C}.Debug|x86.ActiveCfg = Debug|Win32
		{0CC7CBF2-BFCD-477F-A639-5CAB35FCBA6C}.Debug|x86.Build.0 = Debug|Win32
		{0CC7CBF2-BFCD-477F-A639-5CAB35FCBA6C}.Release|x64.ActiveCfg = Release|x64
		{0CC7CBF2-BFCD-477F-A639-5CAB35FCBA6C}.Release|x64.Build.0 = Release|x64
		{0CC7CBF2-BFCD-477F-A639-5CAB35FCBA6C}.Release|x86.ActiveCfg = Release|Win32
		{0CC7CBF2-BFCD-477F-A639-5CAB35FCBA6C}.Release|x86.Build.0 = Release|Win32
		{7399BABD-C433-4275-A9DD-7663241B31BE}.Debug|x64.ActiveCfg = Debug|x64
		{7399BABD-C433-4275-A9DD-7663241B31BE}.Debug|x64.Build.0 = Debug|x64
		{7399BABD-C433-4275-A9DD-7663241B31BE}.Debug|x86.ActiveCfg = Debug|Win32
		{7399BABD-C433-4275-A9DD-7663241B31BE}.Debug|x86.Build.0 = Debug|Win32
		{7399BABD-C433-4275-A9DD-7663241B31BE}.Release|x64.ActiveCfg = Release|x64
		{7399BABD-C433-4275-A9DD-7663241B31BE}.Release|x64.Build.0 = Release|x64
		{7399BABD-C433-4275-A9DD-7663241B31BE}.Release|x86.ActiveCfg = Release|Win32
		{7399BABD-C433-4275-A9DD-7663241B31BE}.Release|x86.Build.0 = Release|Win32
		{6642AD41-5A38-45DC-9646-A265B73E0858}.Debug|x64.ActiveCfg = Debug|x64
		{6642AD41-5A38-45DC-9646-A265B73E0858}.Debug|x64.Build.0 = Debug|x64
		{6642AD41-5A38-45DC-9646-A265B73E0858}.Debug|x86.ActiveCfg = Debug|Win32
		{6642AD41-5A38-45DC-9646-A265B73E0858}.Debug|x86.Build.0 = Debug|Win32
		{6642AD41-5A38-45DC-9646-A265B73E0858}.Release|x64.ActiveCfg = Release|x64
		{6642AD41-5A38-45DC-9646-A265B73E0858}.Release|x64.Build.0 = Release|x64
		{6642AD41-5A38-45DC-9646-A265B73E0858}.Release|x86.ActiveCfg = Release|Win32
		{6642AD41-5A38-45DC-9646-A265B73E0858}.Release|x86.Build.0 = Release|Win32
		{1C2F65F9-6268-4271-A0F7-EE3E6DBF8F9E}.Debug|x64.ActiveCfg = Debug|x64
		{1C2F65F9-6268-4271-A0F7-EE3E6DBF8F9E}.Debug|x64.Build.0 = Debug|x64
		{1C2F65F9-6268-4271-A0F7-EE3E6DBF8F9E}.Debug|x86.ActiveCfg = Debug|Win32
		{1C2F65F9-6268-4271-A0F7-EE3E6DBF8F9E}.Debug|x86.Build.0 = Debug|Win32
		{1C2F65F9-6268-4271-A0F7-EE3E6DBF8F9E}.Release|x64.ActiveCfg = Release|x64
		{1C2F65F9-6268-4271-A0F7-EE3E6DBF8F9E}.Release|x64.Build.0 = Release|x64
		{1C2F65F9-6268-4271-A0F7-EE3E6DBF8F9E}.Release|x86.ActiveCfg = Release|Win32
		{1C2F65F9-6268-4271-A0F7-EE3E6DBF8F9E}.Release|x86.Build.0 = Release|Win32
		{E55A2A2F-F37A-41ED-B28A-0B216DC5D17E}.Debug|x64.ActiveCfg = Debug|x64
		{E55A2A2F-F37A-41ED-B28A-0B216DC5D17E}.Debug|x64.Build.0 = Debug|x64
		{E55A2A2F-F37A-41ED-B28A-0B216DC5D17E}.Debug|x86.ActiveCfg = Debug|Win32
		{E55A2A2F-F37A-41ED-B28A-0B216DC5D17E}.Debug|x86.Build.0 = Debug|Win32
		{E55A2A2F-F37A-41ED-B28A-0B216DC5D17E}.Release|x64.ActiveCfg = Release|x64
		{E55A2A2F-F37A-41ED-B28A-0B216DC5D17E}.Release|x64.Build.0 = Release|x64
		{E55A2A2F-F37A-41ED-B28A-0B216DC5D17E}.Release|x86.ActiveCfg = Release|Win32
		{E55A2A2F-F37A-41ED-B28A-0B216DC5D17E}.Release|x86.Build.0 = Release|Win32
		{CA6CAF98-3AD6-4138-8EB7-369A7FF0DDCC}.Debug|x64.ActiveCfg = Debug|x64
		{CA6CAF98-3AD6-4138-8EB7-369A7FF0DDCC}.Debug|x64.Build.0 = Debug|x64
		{CA6CAF98-3AD6-4138-8EB7-369A7FF0DDCC}.Debug|x86.ActiveCfg = Debug|Win32
		{CA6CAF98-3AD6-4138-8EB7-369A7FF0DDCC}.Debug|x86.Build.0 = Debug|Win32
		{CA6CAF98-3AD6-4138-8EB7-369A7FF0DDCC}.Release|x64.ActiveCfg = Release|x64
		{CA6CAF98-3AD6-4138-8EB7-369A7FF0DDCC}.Release|x64.Build.0 = Release|x64
		{CA6CAF98-3AD6-4138-8EB7-369A7FF0DDCC}.Release|x86.ActiveCfg = Release|Win32
		{CA6CAF98-3AD6-4138-8EB7-369A7FF0DDCC}.Release|x86.Build.0 = Release|Win32
		{BD1204E5-C806-45FB-B095-50DB7D323C1D}.Debug|x64.ActiveCfg = Debug|x64
		{BD1204E5-C806-45FB-B095-50DB7D323C1D}.Debug|x64.Build.0 = Debug|x64
		{BD1204E5-C806-45FB-B095-50DB7D323C1D}.Debug|x86.ActiveCfg = Debug|Win32
		{BD1204E5-C806-45FB-B095-50DB7D323C1D}.Debug|x86.Build.0 = Debug|Win32
		{BD1204E5-C806-45FB-B095-50DB7D323C1D}.Release|x64.ActiveCfg = Release|x64
		{BD1204E5-C806-45FB-B095-50DB7D323C1D}.Release|x64.Build.0 = Release|x64
		{BD1204E5-C806-45FB-B095-50DB7D323C1D}.Release|x86.ActiveCfg = Release|Win32
		{BD1204E5-C806-45FB-B095-50DB7D323C1D}.Release|x86.Build.0 = Release|Win32
		{B013429B-E9FC-4097-AC72-D3AE5D5A43EC}.Debug|x64.ActiveCfg = Debug|x64
		{B013429B-E9FC-4097-AC72-D3AE5D5A43EC}.Debug|x64.Build.0 = Debug|x64
		{B013429B-E9FC-4097-AC72-D3AE5D5A43EC}.Debug|x86.ActiveCfg = Debug|Win32
		{B013429B-E9FC-4097-AC72-D3AE5D5A43EC}.Debug|x86.Build.0 = Debug|Win32
		{B013429B-E9FC-4097-AC72-D3AE5D5A43EC}.Release|x64.ActiveCfg = Release|x64
		{B013429B-E9FC-4097-AC72-D3AE5D5A43EC}.Release|x64.Build.0 = Release|x64
		{B013429B-E9FC-4097-AC72-D3AE5D5A43EC}.Release|x86.ActiveCfg = Release|Win32
		{B013429B-E9FC-4097-AC72-D3AE5D5A43EC}.Release|x86.Build.0 = Release|Win32
		{AC7F8BDD-74EB-4B86-B7D8-FA79797C6ACB}.Debug|x64.ActiveCfg = Debug|x64
		{AC7F8BDD-74EB-4B86-B7D8-FA79797C6ACB}.Debug|x64.Build.0 = Debug|x64
		{AC7F8BDD-74EB-4B86-B7D8-FA79797C6ACB}.Debug|x86.ActiveCfg = Debug|Win32
		{AC7F8BDD-74EB-4B86-B7D8-FA79797C6ACB}.Debug|x86.Build.0 = Debug|Win32
		{AC7F8BDD-74EB-4B86-B7D8-FA79797C6ACB}.Release|x64.ActiveCfg = Release|x64
		{AC7F8BDD-74EB-4B86-B7D8-FA79797C6ACB}.Release|x64.Build.0 = Release|x64
		{AC7F8BDD-74EB-4B86-B7D8-FA79797C6ACB}.Release|x86.ActiveCfg = Release|Win32
		{AC7F8BDD-74EB-4B86-B7D8-FA79797C6ACB}.Release|x86.Build.0 = Release|Win32
		{591F9775-8088-457A-B237-A7EA1DEF699D}.Debug|x64.ActiveCfg = Debug|x64
		{591F9775-8088-457A-B237-A7EA1DEF699D}.Debug|x64.Build.0 = Debug|x64
		{591F9775-8088-457A-B237-A7EA1DEF699D}.Debug|x86.ActiveCfg = Debug|Win32
		{591F9775-8088-457A-B237-A7EA1DEF699D}.Debug|x86.Build.0 = Debug|Win32
		{591F9775-8088-457A-B237-A7EA1DEF699D}.Release|x64.ActiveCfg = Release|x64
		{591F9775-8088-457A-B237-A7EA1DEF699D}.Release|x64.Build.0 = Release|x64
		{591F9775-8088-457A-B237-A7EA1DEF699D}.Release|x86.ActiveCfg = Release|Win32
		{591F9775-8088-457A-B237-A7EA1DEF699D}.Release|x86.Build.0 = Release|Win32
	EndGlobalSection
	GlobalSection(SolutionProperties) = preSolution
		HideSolutionNode = FALSE
	EndGlobalSection
	GlobalSection(ExtensibilityGlobals) = postSolution
		SolutionGuid = {2BDC7CE4-E922-4C27-B146-9DD5C76D4497}
	EndGlobalSection
EndGlobal
